{
 "name": "izuku-md",
 "version": "0.0.7",
 "lockfileVersion": 1,
 "requires": true,
 "dependencies": {
  "@babel/runtime": {
   "version": "7.23.1",
   "resolved": "https://registry.npmjs.org/@babel/runtime/-/runtime-7.23.1.tgz",
   "integrity": "sha512-hC2v6p8ZSI/W0HUzh3V8C5g+NwSKzKPtJwSpTjwl0o297GP9+ZLQSkdvHz46CM3LqyoXxq+5G9komY+eSqSO0g==",
   "requires": {
    "regenerator-runtime": "^0.14.0"
   }
  },
  "cron-parser": {
   "version": "4.9.0",
   "resolved": "https://registry.npmjs.org/cron-parser/-/cron-parser-4.9.0.tgz",
   "integrity": "sha512-p0SaNjrHOnQeR8/VnfGbmg9te2kfyYSQ7Sc/j/6DtPL3JQvKxmjO9TSjNFpujqV3vEYYBvNNvXSxzyksBWAx1Q==",
   "requires": {
    "luxon": "^3.2.1"
   },
   "dependencies": {
    "luxon": {
     "version": "3.4.3",
     "resolved": "https://registry.npmjs.org/luxon/-/luxon-3.4.3.tgz",
     "integrity": "sha512-tFWBiv3h7z+T/tDaoxA8rqTxy1CHV6gHS//QdaH4pulbq/JuBSGgQspQQqcgnwdAx6pNI7cmvz5Sv/addzHmUg=="
    }
   }
  },
  "follow-redirects": {
   "version": "1.15.3",
   "resolved": "https://registry.npmjs.org/follow-redirects/-/follow-redirects-1.15.3.tgz",
   "integrity": "sha512-1VzOtuEM8pC9SFU1E+8KfTjZyMztRsgEfwQl44z8A25uy13jSzTj6dyK2Df52iV0vgHCfBwLhDWevLn95w5v6Q=="
  },
  "long-timeout": {
   "version": "0.1.1",
   "resolved": "https://registry.npmjs.org/long-timeout/-/long-timeout-0.1.1.tgz",
   "integrity": "sha512-BFRuQUqc7x2NWxfJBCyUrN8iYUYznzL9JROmRz1gZ6KlOIgmoD+njPVbb+VNn2nGMKggMsK79iUNErillsrx7w=="
  },
  "m3u8stream": {
   "version": "0.8.6",
   "resolved": "https://registry.npmjs.org/m3u8stream/-/m3u8stream-0.8.6.tgz",
   "integrity": "sha512-LZj8kIVf9KCphiHmH7sbFQTVe4tOemb202fWwvJwR9W5ENW/1hxJN6ksAWGhQgSBSa3jyWhnjKU1Fw1GaOdbyA==",
   "requires": {
    "miniget": "^4.2.2",
    "sax": "^1.2.4"
   }
  },
  "miniget": {
   "version": "4.2.3",
   "resolved": "https://registry.npmjs.org/miniget/-/miniget-4.2.3.tgz",
   "integrity": "sha512-SjbDPDICJ1zT+ZvQwK0hUcRY4wxlhhNpHL9nJOB2MEAXRGagTljsO8MEDzQMTFf0Q8g4QNi8P9lEm/g7e+qgzA=="
  },
  "node-schedule": {
   "version": "2.1.1",
   "resolved": "https://registry.npmjs.org/node-schedule/-/node-schedule-2.1.1.tgz",
   "integrity": "sha512-OXdegQq03OmXEjt2hZP33W2YPs/E5BcFQks46+G2gAxs4gHOIVD1u7EqlYLYSKsaIpyKCK9Gbk0ta1/gjRSMRQ==",
   "requires": {
    "cron-parser": "^4.2.0",
    "long-timeout": "0.1.1",
    "sorted-array-functions": "^1.3.0"
   }
  },
  "regenerator-runtime": {
   "version": "0.14.0",
   "resolved": "https://registry.npmjs.org/regenerator-runtime/-/regenerator-runtime-0.14.0.tgz",
   "integrity": "sha512-srw17NI0TUWHuGa5CFGGmhfNIeja30WMBfbslPNhf6JrqQlLN5gcrvig1oqPxiVaXb0oW0XRKtH6Nngs5lKCIA=="
  },
  "sax": {
   "version": "1.3.0",
   "resolved": "https://registry.npmjs.org/sax/-/sax-1.3.0.tgz",
   "integrity": "sha512-0s+oAmw9zLl1V1cS9BtZN7JAd0cW5e0QH4W3LWEK6a4LaLEA2OTpGYWDY+6XasBLtz6wkm3u1xRw95mRuJ59WA=="
  },
  "sorted-array-functions": {
   "version": "1.3.0",
   "resolved": "https://registry.npmjs.org/sorted-array-functions/-/sorted-array-functions-1.3.0.tgz",
   "integrity": "sha512-2sqgzeFlid6N4Z2fUQ1cvFmTOLRi/sEDzSQ0OKYchqgoPmQBVyM3959qYx3fpS6Esef80KjmpgPeEr028dP3OA=="
  },
  "soundcloud-downloader": {
   "version": "1.0.0",
   "resolved": "https://registry.npmjs.org/soundcloud-downloader/-/soundcloud-downloader-1.0.0.tgz",
   "integrity": "sha512-UaEGaO+NASmTKJduGGgFjWVixLKFbvkxuX1oIYseZCsdEAg4q3o+Zn5Q9NWjQ1y0QciPkhEDnS22wnPb3XZ7pw==",
   "requires": {
    "@babel/runtime": "^7.10.3",
    "axios": "^0.21.0",
    "dotenv": "^8.2.0",
    "m3u8stream": "^0.8.0",
    "soundcloud-key-fetch": "^1.0.10"
   },
   "dependencies": {
    "axios": {
     "version": "0.21.4",
     "resolved": "https://registry.npmjs.org/axios/-/axios-0.21.4.tgz",
     "integrity": "sha512-ut5vewkiu8jjGBdqpM44XxjuCjq9LAKeHVmoVfHVzy8eHgxxq8SbAVQNovDA8mVi05kP0Ea/n/UzcSHcTJQfNg==",
     "requires": {
      "follow-redirects": "^1.14.0"
     }
    },
    "dotenv": {
     "version": "8.6.0",
     "resolved": "https://registry.npmjs.org/dotenv/-/dotenv-8.6.0.tgz",
     "integrity": "sha512-IrPdXQsk2BbzvCBGBOTmmSH5SodmqZNt4ERAZDmW4CT+tL8VtvinqywuANaFu4bOMWki16nqf0e4oC0QIaDr/g=="
    }
   }
  },
  "soundcloud-key-fetch": {
   "version": "1.0.13",
   "resolved": "https://registry.npmjs.org/soundcloud-key-fetch/-/soundcloud-key-fetch-1.0.13.tgz",
   "integrity": "sha512-X1ketDIELpXOj2zuNNlTEtEy8y9Zu5R9m2lzkocXkG0GmUMht2ZypS8mtEDAWtEeqnEqkkLxipOsly+qU1gb6Q=="
  }
 }
}
