{
  "name": "izuku-md",
  "version": "0.0.7",
  "lockfileVersion": 1,
  "requires": true,
  "dependencies": {
    "wordlist-js": {
      "version": "1.8.0",
      "resolved": "https://registry.npmjs.org/wordlist-js/-/wordlist-js-1.8.0.tgz",
      "integrity": "sha512-EeK9akMlgZ8YlrT2QQHrZ0GQNyQ1auGNEobNhc6DcNKY0x8+jMUoFCaYsa7Y0VeMT6S2qDmM90xzAhc+BJz9wQ=="
    }
  }
}
