{
  "name": "izuku-md",
  "version": "0.0.7",
  "lockfileVersion": 1,
  "requires": true,
  "dependencies": {
    "commander": {
      "version": "6.2.1",
      "resolved": "https://registry.npmjs.org/commander/-/commander-6.2.1.tgz",
      "integrity": "sha512-U7VdrJFnJgo4xjrHpTzu0yrHPGImdsmD95ZlgYSEajAn2JKzDhDTPG9kBTefmObL2w/ngeZnilk+OV9CG3d7UA=="
    },
    "crypto": {
      "version": "1.0.1",
      "resolved": "https://registry.npmjs.org/crypto/-/crypto-1.0.1.tgz",
      "integrity": "sha512-VxBKmeNcqQdiUQUW2Tzq0t377b54N2bMtXO/qiLa+6eRRmmC4qT3D4OnTGoT/U6O9aklQ/jTwbOtRMTTY8G0Ig=="
    },
    "fs": {
      "version": "0.0.1-security",
      "resolved": "https://registry.npmjs.org/fs/-/fs-0.0.1-security.tgz",
      "integrity": "sha512-3XY9e1pP0CVEUCdj5BmfIZxRBTSDycnbqhIOGec9QYtmVH2fbLpj86CFWkrNOkt/Fvty4KZG5lTglL9j/gJ87w=="
    },
    "integrity-checker": {
      "version": "1.1.2",
      "resolved": "https://registry.npmjs.org/integrity-checker/-/integrity-checker-1.1.2.tgz",
      "integrity": "sha512-hpAx3EhpmHNk6gSDyyfXdNROy4mqiwkcC7VYmzEL2T0p1RQwwrNk500OmzVmEZW4ylGjdeSKzfPcnOPNDByFCA==",
      "requires": {
        "commander": "^6.2.1",
        "crypto": "^1.0.1",
        "fs": "0.0.1-security"
      }
    }
  }
}
